
Microsoft Visual Studio Solution File, Format Version 12.00
# Visual Studio Version 17
VisualStudioVersion = 17.6.33829.357
MinimumVisualStudioVersion = 10.0.40219.1
Project("{8BC9CEB8-8B4A-11D0-8D11-00A0C91BC942}") = "TINHSOKHOCTRENBANCO", "TINHSOKHOCTRENBANCO.vcxproj", "{630604BB-AFA4-4AAD-BBF2-33157DA2D814}"
EndProject
Global
	GlobalSection(SolutionConfigurationPlatforms) = preSolution
		Debug|x64 = Debug|x64
		Debug|x86 = Debug|x86
		Release|x64 = Release|x64
		Release|x86 = Release|x86
	EndGlobalSection
	GlobalSection(ProjectConfigurationPlatforms) = postSolution
		{630604BB-AFA4-4AAD-BBF2-33157DA2D814}.Debug|x64.ActiveCfg = Debug|x64
		{630604BB-AFA4-4AAD-BBF2-33157DA2D814}.Debug|x64.Build.0 = Debug|x64
		{630604BB-AFA4-4AAD-BBF2-33157DA2D814}.Debug|x86.ActiveCfg = Debug|Win32
		{630604BB-AFA4-4AAD-BBF2-33157DA2D814}.Debug|x86.Build.0 = Debug|Win32
		{630604BB-AFA4-4AAD-BBF2-33157DA2D814}.Release|x64.ActiveCfg = Release|x64
		{630604BB-AFA4-4AAD-BBF2-33157DA2D814}.Release|x64.Build.0 = Release|x64
		{630604BB-AFA4-4AAD-BBF2-33157DA2D814}.Release|x86.ActiveCfg = Release|Win32
		{630604BB-AFA4-4AAD-BBF2-33157DA2D814}.Release|x86.Build.0 = Release|Win32
	EndGlobalSection
	GlobalSection(SolutionProperties) = preSolution
		HideSolutionNode = FALSE
	EndGlobalSection
	GlobalSection(ExtensibilityGlobals) = postSolution
		SolutionGuid = {975689A8-1915-4B29-9CC9-FDA2E5640904}
	EndGlobalSection
EndGlobal
